
Microsoft Visual Studio Solution File, Format Version 12.00
# Visual Studio Version 16
VisualStudioVersion = 16.0.29509.3
MinimumVisualStudioVersion = 10.0.40219.1
Project("{FAE04EC0-301F-11D3-BF4B-00C04F79EFBC}") = "MvcMovie", "MvcMovie.csproj", "{42EEB5B5-ECE4-499F-B190-C7B1AB6AB02A}"
EndProject
Global
	GlobalSection(SolutionConfigurationPlatforms) = preSolution
		Debug|Any CPU = Debug|Any CPU
		Release|Any CPU = Release|Any CPU
	EndGlobalSection
	GlobalSection(ProjectConfigurationPlatforms) = postSolution
		{42EEB5B5-ECE4-499F-B190-C7B1AB6AB02A}.Debug|Any CPU.ActiveCfg = Debug|Any CPU
		{42EEB5B5-ECE4-499F-B190-C7B1AB6AB02A}.Debug|Any CPU.Build.0 = Debug|Any CPU
		{42EEB5B5-ECE4-499F-B190-C7B1AB6AB02A}.Release|Any CPU.ActiveCfg = Release|Any CPU
		{42EEB5B5-ECE4-499F-B190-C7B1AB6AB02A}.Release|Any CPU.Build.0 = Release|Any CPU
	EndGlobalSection
	GlobalSection(SolutionProperties) = preSolution
		HideSolutionNode = FALSE
	EndGlobalSection
	GlobalSection(ExtensibilityGlobals) = postSolution
		SolutionGuid = {4AD9E952-ECDC-4492-B27A-268C3448F947}
	EndGlobalSection
EndGlobal
