
Microsoft Visual Studio Solution File, Format Version 12.00
# Visual Studio Version 16
VisualStudioVersion = 16.0.29519.87
MinimumVisualStudioVersion = 10.0.40219.1
Project("{FAE04EC0-301F-11D3-BF4B-00C04F79EFBC}") = "APIControllerWithDatabase", "APIControllerWithDatabase.csproj", "{8AA203E7-7EDC-4B5C-870F-62FAB6A96E39}"
EndProject
Global
	GlobalSection(SolutionConfigurationPlatforms) = preSolution
		Debug|Any CPU = Debug|Any CPU
		Release|Any CPU = Release|Any CPU
	EndGlobalSection
	GlobalSection(ProjectConfigurationPlatforms) = postSolution
		{8AA203E7-7EDC-4B5C-870F-62FAB6A96E39}.Debug|Any CPU.ActiveCfg = Debug|Any CPU
		{8AA203E7-7EDC-4B5C-870F-62FAB6A96E39}.Debug|Any CPU.Build.0 = Debug|Any CPU
		{8AA203E7-7EDC-4B5C-870F-62FAB6A96E39}.Release|Any CPU.ActiveCfg = Release|Any CPU
		{8AA203E7-7EDC-4B5C-870F-62FAB6A96E39}.Release|Any CPU.Build.0 = Release|Any CPU
	EndGlobalSection
	GlobalSection(SolutionProperties) = preSolution
		HideSolutionNode = FALSE
	EndGlobalSection
	GlobalSection(ExtensibilityGlobals) = postSolution
		SolutionGuid = {5445516B-F621-48EC-AB1F-E6670A1C9B38}
	EndGlobalSection
EndGlobal
